// !$*UTF8*$!
{
	archiveVersion = 1;
	classes = {
	};
	objectVersion = 51;
	objects = {

/* Begin PBXBuildFile section */
		3D225C7E236B5A6800E34565 /* Cabin-SemiBoldItalic.ttf in Resources */ = {isa = PBXBuildFile; fileRef = 3D225C7D236B5A6800E34565 /* Cabin-SemiBoldItalic.ttf */; };
		3D225C80236B5A6E00E34565 /* Cabin-SemiBold.ttf in Resources */ = {isa = PBXBuildFile; fileRef = 3D225C7F236B5A6E00E34565 /* Cabin-SemiBold.ttf */; };
		3D225C82236B5A7200E34565 /* Cabin-Regular.ttf in Resources */ = {isa = PBXBuildFile; fileRef = 3D225C81236B5A7200E34565 /* Cabin-Regular.ttf */; };
		3D225C84236B5A7500E34565 /* Cabin-MediumItalic.ttf in Resources */ = {isa = PBXBuildFile; fileRef = 3D225C83236B5A7500E34565 /* Cabin-MediumItalic.ttf */; };
		3D225C86236B5A7800E34565 /* Cabin-Medium.ttf in Resources */ = {isa = PBXBuildFile; fileRef = 3D225C85236B5A7800E34565 /* Cabin-Medium.ttf */; };
		3D225C88236B5A7C00E34565 /* Cabin-Italic.ttf in Resources */ = {isa = PBXBuildFile; fileRef = 3D225C87236B5A7C00E34565 /* Cabin-Italic.ttf */; };
		3D225C8A236B5A8000E34565 /* Cabin-BoldItalic.ttf in Resources */ = {isa = PBXBuildFile; fileRef = 3D225C89236B5A8000E34565 /* Cabin-BoldItalic.ttf */; };
		3D225C8C236B5A8300E34565 /* Cabin-Bold.ttf in Resources */ = {isa = PBXBuildFile; fileRef = 3D225C8B236B5A8300E34565 /* Cabin-Bold.ttf */; };
		3D225C8E236B5AA300E34565 /* OFL.txt in Resources */ = {isa = PBXBuildFile; fileRef = 3D225C8D236B5AA300E34565 /* OFL.txt */; };
		3DC52C1D236A2FAE007F14F8 /* AppDelegate.swift in Sources */ = {isa = PBXBuildFile; fileRef = 3DC52C1C236A2FAE007F14F8 /* AppDelegate.swift */; };
		3DC52C22236A2FAE007F14F8 /* Main.storyboard in Resources */ = {isa = PBXBuildFile; fileRef = 3DC52C20236A2FAE007F14F8 /* Main.storyboard */; };
		3DC52C25236A2FAE007F14F8 /* Karaban.xcdatamodeld in Sources */ = {isa = PBXBuildFile; fileRef = 3DC52C23236A2FAE007F14F8 /* Karaban.xcdatamodeld */; };
		3DC52C27236A2FAF007F14F8 /* Assets.xcassets in Resources */ = {isa = PBXBuildFile; fileRef = 3DC52C26236A2FAF007F14F8 /* Assets.xcassets */; };
		3DC52C2A236A2FAF007F14F8 /* LaunchScreen.storyboard in Resources */ = {isa = PBXBuildFile; fileRef = 3DC52C28236A2FAF007F14F8 /* LaunchScreen.storyboard */; };
		3DC52C35236A2FAF007F14F8 /* KarabanTests.swift in Sources */ = {isa = PBXBuildFile; fileRef = 3DC52C34236A2FAF007F14F8 /* KarabanTests.swift */; };
		3DC52C40236A2FAF007F14F8 /* KarabanUITests.swift in Sources */ = {isa = PBXBuildFile; fileRef = 3DC52C3F236A2FAF007F14F8 /* KarabanUITests.swift */; };
		3DC52C50236A3BF5007F14F8 /* GoogleService-Info.plist in Resources */ = {isa = PBXBuildFile; fileRef = 3DC52C4F236A3BF5007F14F8 /* GoogleService-Info.plist */; };
		3DC52C53236A423E007F14F8 /* SignupViewController.swift in Sources */ = {isa = PBXBuildFile; fileRef = 3DC52C52236A423E007F14F8 /* SignupViewController.swift */; };
		3DC52C57236A4297007F14F8 /* Colors.swift in Sources */ = {isa = PBXBuildFile; fileRef = 3DC52C56236A4297007F14F8 /* Colors.swift */; };
		3DC52C59236B44D1007F14F8 /* Design.swift in Sources */ = {isa = PBXBuildFile; fileRef = 3DC52C58236B44D1007F14F8 /* Design.swift */; };
		479A2B89EF1AF4177951E6D1 /* Pods_Karaban_KarabanUITests.framework in Frameworks */ = {isa = PBXBuildFile; fileRef = 120B2A9DABE1BDE73EAA0430 /* Pods_Karaban_KarabanUITests.framework */; };
		95C2CD6BA99CB4B011335488 /* Pods_Karaban.framework in Frameworks */ = {isa = PBXBuildFile; fileRef = BE5AFA5570CD989F48EE158D /* Pods_Karaban.framework */; };
		F566F314BFEEC464BF64A988 /* Pods_KarabanTests.framework in Frameworks */ = {isa = PBXBuildFile; fileRef = BEF03D70275E9EEFB2EB434A /* Pods_KarabanTests.framework */; };
/* End PBXBuildFile section */

/* Begin PBXContainerItemProxy section */
		3DC52C31236A2FAF007F14F8 /* PBXContainerItemProxy */ = {
			isa = PBXContainerItemProxy;
			containerPortal = 3DC52C11236A2FAE007F14F8 /* Project object */;
			proxyType = 1;
			remoteGlobalIDString = 3DC52C18236A2FAE007F14F8;
			remoteInfo = Karaban;
		};
		3DC52C3C236A2FAF007F14F8 /* PBXContainerItemProxy */ = {
			isa = PBXContainerItemProxy;
			containerPortal = 3DC52C11236A2FAE007F14F8 /* Project object */;
			proxyType = 1;
			remoteGlobalIDString = 3DC52C18236A2FAE007F14F8;
			remoteInfo = Karaban;
		};
/* End PBXContainerItemProxy section */

/* Begin PBXFileReference section */
		008A77699131BAE824604F69 /* Pods-Karaban.release.xcconfig */ = {isa = PBXFileReference; includeInIndex = 1; lastKnownFileType = text.xcconfig; name = "Pods-Karaban.release.xcconfig"; path = "Target Support Files/Pods-Karaban/Pods-Karaban.release.xcconfig"; sourceTree = "<group>"; };
		120B2A9DABE1BDE73EAA0430 /* Pods_Karaban_KarabanUITests.framework */ = {isa = PBXFileReference; explicitFileType = wrapper.framework; includeInIndex = 0; path = Pods_Karaban_KarabanUITests.framework; sourceTree = BUILT_PRODUCTS_DIR; };
		21FF015A8FA9F028D1B0A3BB /* Pods-Karaban-KarabanUITests.release.xcconfig */ = {isa = PBXFileReference; includeInIndex = 1; lastKnownFileType = text.xcconfig; name = "Pods-Karaban-KarabanUITests.release.xcconfig"; path = "Target Support Files/Pods-Karaban-KarabanUITests/Pods-Karaban-KarabanUITests.release.xcconfig"; sourceTree = "<group>"; };
		3D225C7D236B5A6800E34565 /* Cabin-SemiBoldItalic.ttf */ = {isa = PBXFileReference; lastKnownFileType = file; name = "Cabin-SemiBoldItalic.ttf"; path = "../../../../Downloads/Cabin/Cabin-SemiBoldItalic.ttf"; sourceTree = "<group>"; };
		3D225C7F236B5A6E00E34565 /* Cabin-SemiBold.ttf */ = {isa = PBXFileReference; lastKnownFileType = file; name = "Cabin-SemiBold.ttf"; path = "../../../../Downloads/Cabin/Cabin-SemiBold.ttf"; sourceTree = "<group>"; };
		3D225C81236B5A7200E34565 /* Cabin-Regular.ttf */ = {isa = PBXFileReference; lastKnownFileType = file; name = "Cabin-Regular.ttf"; path = "../../../../Downloads/Cabin/Cabin-Regular.ttf"; sourceTree = "<group>"; };
		3D225C83236B5A7500E34565 /* Cabin-MediumItalic.ttf */ = {isa = PBXFileReference; lastKnownFileType = file; name = "Cabin-MediumItalic.ttf"; path = "../../../../Downloads/Cabin/Cabin-MediumItalic.ttf"; sourceTree = "<group>"; };
		3D225C85236B5A7800E34565 /* Cabin-Medium.ttf */ = {isa = PBXFileReference; lastKnownFileType = file; name = "Cabin-Medium.ttf"; path = "../../../../Downloads/Cabin/Cabin-Medium.ttf"; sourceTree = "<group>"; };
		3D225C87236B5A7C00E34565 /* Cabin-Italic.ttf */ = {isa = PBXFileReference; lastKnownFileType = file; name = "Cabin-Italic.ttf"; path = "../../../../Downloads/Cabin/Cabin-Italic.ttf"; sourceTree = "<group>"; };
		3D225C89236B5A8000E34565 /* Cabin-BoldItalic.ttf */ = {isa = PBXFileReference; lastKnownFileType = file; name = "Cabin-BoldItalic.ttf"; path = "../../../../Downloads/Cabin/Cabin-BoldItalic.ttf"; sourceTree = "<group>"; };
		3D225C8B236B5A8300E34565 /* Cabin-Bold.ttf */ = {isa = PBXFileReference; lastKnownFileType = file; name = "Cabin-Bold.ttf"; path = "../../../../Downloads/Cabin/Cabin-Bold.ttf"; sourceTree = "<group>"; };
		3D225C8D236B5AA300E34565 /* OFL.txt */ = {isa = PBXFileReference; fileEncoding = 4; lastKnownFileType = text; name = OFL.txt; path = ../../../../Downloads/Cabin/OFL.txt; sourceTree = "<group>"; };
		3DC52C19236A2FAE007F14F8 /* Karaban.app */ = {isa = PBXFileReference; explicitFileType = wrapper.application; includeInIndex = 0; path = Karaban.app; sourceTree = BUILT_PRODUCTS_DIR; };
		3DC52C1C236A2FAE007F14F8 /* AppDelegate.swift */ = {isa = PBXFileReference; lastKnownFileType = sourcecode.swift; path = AppDelegate.swift; sourceTree = "<group>"; };
		3DC52C21236A2FAE007F14F8 /* Base */ = {isa = PBXFileReference; lastKnownFileType = file.storyboard; name = Base; path = Base.lproj/Main.storyboard; sourceTree = "<group>"; };
		3DC52C24236A2FAE007F14F8 /* Karaban.xcdatamodel */ = {isa = PBXFileReference; lastKnownFileType = wrapper.xcdatamodel; path = Karaban.xcdatamodel; sourceTree = "<group>"; };
		3DC52C26236A2FAF007F14F8 /* Assets.xcassets */ = {isa = PBXFileReference; lastKnownFileType = folder.assetcatalog; path = Assets.xcassets; sourceTree = "<group>"; };
		3DC52C29236A2FAF007F14F8 /* Base */ = {isa = PBXFileReference; lastKnownFileType = file.storyboard; name = Base; path = Base.lproj/LaunchScreen.storyboard; sourceTree = "<group>"; };
		3DC52C2B236A2FAF007F14F8 /* Info.plist */ = {isa = PBXFileReference; lastKnownFileType = text.plist.xml; path = Info.plist; sourceTree = "<group>"; };
		3DC52C30236A2FAF007F14F8 /* KarabanTests.xctest */ = {isa = PBXFileReference; explicitFileType = wrapper.cfbundle; includeInIndex = 0; path = KarabanTests.xctest; sourceTree = BUILT_PRODUCTS_DIR; };
		3DC52C34236A2FAF007F14F8 /* KarabanTests.swift */ = {isa = PBXFileReference; lastKnownFileType = sourcecode.swift; path = KarabanTests.swift; sourceTree = "<group>"; };
		3DC52C36236A2FAF007F14F8 /* Info.plist */ = {isa = PBXFileReference; lastKnownFileType = text.plist.xml; path = Info.plist; sourceTree = "<group>"; };
		3DC52C3B236A2FAF007F14F8 /* KarabanUITests.xctest */ = {isa = PBXFileReference; explicitFileType = wrapper.cfbundle; includeInIndex = 0; path = KarabanUITests.xctest; sourceTree = BUILT_PRODUCTS_DIR; };
		3DC52C3F236A2FAF007F14F8 /* KarabanUITests.swift */ = {isa = PBXFileReference; lastKnownFileType = sourcecode.swift; path = KarabanUITests.swift; sourceTree = "<group>"; };
		3DC52C41236A2FAF007F14F8 /* Info.plist */ = {isa = PBXFileReference; lastKnownFileType = text.plist.xml; path = Info.plist; sourceTree = "<group>"; };
		3DC52C4F236A3BF5007F14F8 /* GoogleService-Info.plist */ = {isa = PBXFileReference; fileEncoding = 4; lastKnownFileType = text.plist.xml; name = "GoogleService-Info.plist"; path = "../../GoogleService-Info.plist"; sourceTree = "<group>"; };
		3DC52C52236A423E007F14F8 /* SignupViewController.swift */ = {isa = PBXFileReference; lastKnownFileType = sourcecode.swift; path = SignupViewController.swift; sourceTree = "<group>"; };
		3DC52C56236A4297007F14F8 /* Colors.swift */ = {isa = PBXFileReference; lastKnownFileType = sourcecode.swift; path = Colors.swift; sourceTree = "<group>"; };
		3DC52C58236B44D1007F14F8 /* Design.swift */ = {isa = PBXFileReference; lastKnownFileType = sourcecode.swift; path = Design.swift; sourceTree = "<group>"; };
		6F6483CC12979C98E5ADEDC5 /* Pods-KarabanTests.debug.xcconfig */ = {isa = PBXFileReference; includeInIndex = 1; lastKnownFileType = text.xcconfig; name = "Pods-KarabanTests.debug.xcconfig"; path = "Target Support Files/Pods-KarabanTests/Pods-KarabanTests.debug.xcconfig"; sourceTree = "<group>"; };
		BE5AFA5570CD989F48EE158D /* Pods_Karaban.framework */ = {isa = PBXFileReference; explicitFileType = wrapper.framework; includeInIndex = 0; path = Pods_Karaban.framework; sourceTree = BUILT_PRODUCTS_DIR; };
		BEF03D70275E9EEFB2EB434A /* Pods_KarabanTests.framework */ = {isa = PBXFileReference; explicitFileType = wrapper.framework; includeInIndex = 0; path = Pods_KarabanTests.framework; sourceTree = BUILT_PRODUCTS_DIR; };
		E08AC1E94D9F80954C990139 /* Pods-KarabanTests.release.xcconfig */ = {isa = PBXFileReference; includeInIndex = 1; lastKnownFileType = text.xcconfig; name = "Pods-KarabanTests.release.xcconfig"; path = "Target Support Files/Pods-KarabanTests/Pods-KarabanTests.release.xcconfig"; sourceTree = "<group>"; };
		F4DE5EDD28B465FA6CBF39BF /* Pods-Karaban.debug.xcconfig */ = {isa = PBXFileReference; includeInIndex = 1; lastKnownFileType = text.xcconfig; name = "Pods-Karaban.debug.xcconfig"; path = "Target Support Files/Pods-Karaban/Pods-Karaban.debug.xcconfig"; sourceTree = "<group>"; };
		FA34BAFE32C10339F9A9EAAA /* Pods-Karaban-KarabanUITests.debug.xcconfig */ = {isa = PBXFileReference; includeInIndex = 1; lastKnownFileType = text.xcconfig; name = "Pods-Karaban-KarabanUITests.debug.xcconfig"; path = "Target Support Files/Pods-Karaban-KarabanUITests/Pods-Karaban-KarabanUITests.debug.xcconfig"; sourceTree = "<group>"; };
/* End PBXFileReference section */

/* Begin PBXFrameworksBuildPhase section */
		3DC52C16236A2FAE007F14F8 /* Frameworks */ = {
			isa = PBXFrameworksBuildPhase;
			buildActionMask = 2147483647;
			files = (
				95C2CD6BA99CB4B011335488 /* Pods_Karaban.framework in Frameworks */,
			);
			runOnlyForDeploymentPostprocessing = 0;
		};
		3DC52C2D236A2FAF007F14F8 /* Frameworks */ = {
			isa = PBXFrameworksBuildPhase;
			buildActionMask = 2147483647;
			files = (
				F566F314BFEEC464BF64A988 /* Pods_KarabanTests.framework in Frameworks */,
			);
			runOnlyForDeploymentPostprocessing = 0;
		};
		3DC52C38236A2FAF007F14F8 /* Frameworks */ = {
			isa = PBXFrameworksBuildPhase;
			buildActionMask = 2147483647;
			files = (
				479A2B89EF1AF4177951E6D1 /* Pods_Karaban_KarabanUITests.framework in Frameworks */,
			);
			runOnlyForDeploymentPostprocessing = 0;
		};
/* End PBXFrameworksBuildPhase section */

/* Begin PBXGroup section */
		29E1490007F99CBE85C429AA /* Pods */ = {
			isa = PBXGroup;
			children = (
				F4DE5EDD28B465FA6CBF39BF /* Pods-Karaban.debug.xcconfig */,
				008A77699131BAE824604F69 /* Pods-Karaban.release.xcconfig */,
				FA34BAFE32C10339F9A9EAAA /* Pods-Karaban-KarabanUITests.debug.xcconfig */,
				21FF015A8FA9F028D1B0A3BB /* Pods-Karaban-KarabanUITests.release.xcconfig */,
				6F6483CC12979C98E5ADEDC5 /* Pods-KarabanTests.debug.xcconfig */,
				E08AC1E94D9F80954C990139 /* Pods-KarabanTests.release.xcconfig */,
			);
			path = Pods;
			sourceTree = "<group>";
		};
		3D225C7A236B59F800E34565 /* Fonts */ = {
			isa = PBXGroup;
			children = (
				3D225C7D236B5A6800E34565 /* Cabin-SemiBoldItalic.ttf */,
				3D225C7F236B5A6E00E34565 /* Cabin-SemiBold.ttf */,
				3D225C89236B5A8000E34565 /* Cabin-BoldItalic.ttf */,
				3D225C8D236B5AA300E34565 /* OFL.txt */,
				3D225C81236B5A7200E34565 /* Cabin-Regular.ttf */,
				3D225C87236B5A7C00E34565 /* Cabin-Italic.ttf */,
				3D225C8B236B5A8300E34565 /* Cabin-Bold.ttf */,
				3D225C85236B5A7800E34565 /* Cabin-Medium.ttf */,
				3D225C83236B5A7500E34565 /* Cabin-MediumItalic.ttf */,
			);
			path = Fonts;
			sourceTree = "<group>";
		};
		3DC52C10236A2FAE007F14F8 = {
			isa = PBXGroup;
			children = (
				3D225C7A236B59F800E34565 /* Fonts */,
				3DC52C55236A4287007F14F8 /* Design */,
				3DC52C54236A4249007F14F8 /* Storyboards */,
				3DC52C51236A4203007F14F8 /* Signup */,
				3DC52C1B236A2FAE007F14F8 /* Karaban */,
				3DC52C33236A2FAF007F14F8 /* KarabanTests */,
				3DC52C3E236A2FAF007F14F8 /* KarabanUITests */,
				3DC52C1A236A2FAE007F14F8 /* Products */,
				29E1490007F99CBE85C429AA /* Pods */,
				F63CEDA75B1AEE57FE2130F8 /* Frameworks */,
			);
			sourceTree = "<group>";
		};
		3DC52C1A236A2FAE007F14F8 /* Products */ = {
			isa = PBXGroup;
			children = (
				3DC52C19236A2FAE007F14F8 /* Karaban.app */,
				3DC52C30236A2FAF007F14F8 /* KarabanTests.xctest */,
				3DC52C3B236A2FAF007F14F8 /* KarabanUITests.xctest */,
			);
			name = Products;
			sourceTree = "<group>";
		};
		3DC52C1B236A2FAE007F14F8 /* Karaban */ = {
			isa = PBXGroup;
			children = (
				3DC52C1C236A2FAE007F14F8 /* AppDelegate.swift */,
				3DC52C4F236A3BF5007F14F8 /* GoogleService-Info.plist */,
				3DC52C26236A2FAF007F14F8 /* Assets.xcassets */,
				3DC52C28236A2FAF007F14F8 /* LaunchScreen.storyboard */,
				3DC52C2B236A2FAF007F14F8 /* Info.plist */,
				3DC52C23236A2FAE007F14F8 /* Karaban.xcdatamodeld */,
			);
			path = Karaban;
			sourceTree = "<group>";
		};
		3DC52C33236A2FAF007F14F8 /* KarabanTests */ = {
			isa = PBXGroup;
			children = (
				3DC52C34236A2FAF007F14F8 /* KarabanTests.swift */,
				3DC52C36236A2FAF007F14F8 /* Info.plist */,
			);
			path = KarabanTests;
			sourceTree = "<group>";
		};
		3DC52C3E236A2FAF007F14F8 /* KarabanUITests */ = {
			isa = PBXGroup;
			children = (
				3DC52C3F236A2FAF007F14F8 /* KarabanUITests.swift */,
				3DC52C41236A2FAF007F14F8 /* Info.plist */,
			);
			path = KarabanUITests;
			sourceTree = "<group>";
		};
		3DC52C51236A4203007F14F8 /* Signup */ = {
			isa = PBXGroup;
			children = (
				3DC52C52236A423E007F14F8 /* SignupViewController.swift */,
			);
			path = Signup;
			sourceTree = "<group>";
		};
		3DC52C54236A4249007F14F8 /* Storyboards */ = {
			isa = PBXGroup;
			children = (
				3DC52C20236A2FAE007F14F8 /* Main.storyboard */,
			);
			path = Storyboards;
			sourceTree = "<group>";
		};
		3DC52C55236A4287007F14F8 /* Design */ = {
			isa = PBXGroup;
			children = (
				3DC52C56236A4297007F14F8 /* Colors.swift */,
				3DC52C58236B44D1007F14F8 /* Design.swift */,
			);
			path = Design;
			sourceTree = "<group>";
		};
		F63CEDA75B1AEE57FE2130F8 /* Frameworks */ = {
			isa = PBXGroup;
			children = (
				BE5AFA5570CD989F48EE158D /* Pods_Karaban.framework */,
				120B2A9DABE1BDE73EAA0430 /* Pods_Karaban_KarabanUITests.framework */,
				BEF03D70275E9EEFB2EB434A /* Pods_KarabanTests.framework */,
			);
			name = Frameworks;
			sourceTree = "<group>";
		};
/* End PBXGroup section */

/* Begin PBXNativeTarget section */
		3DC52C18236A2FAE007F14F8 /* Karaban */ = {
			isa = PBXNativeTarget;
			buildConfigurationList = 3DC52C44236A2FAF007F14F8 /* Build configuration list for PBXNativeTarget "Karaban" */;
			buildPhases = (
				187EFC6847702D440DC52AF3 /* [CP] Check Pods Manifest.lock */,
				3DC52C15236A2FAE007F14F8 /* Sources */,
				3DC52C16236A2FAE007F14F8 /* Frameworks */,
				3DC52C17236A2FAE007F14F8 /* Resources */,
				02ED1070A253442DD82C0633 /* [CP] Embed Pods Frameworks */,
			);
			buildRules = (
			);
			dependencies = (
			);
			name = Karaban;
			productName = Karaban;
			productReference = 3DC52C19236A2FAE007F14F8 /* Karaban.app */;
			productType = "com.apple.product-type.application";
		};
		3DC52C2F236A2FAF007F14F8 /* KarabanTests */ = {
			isa = PBXNativeTarget;
			buildConfigurationList = 3DC52C47236A2FAF007F14F8 /* Build configuration list for PBXNativeTarget "KarabanTests" */;
			buildPhases = (
				B7A654959331FE3367C5435D /* [CP] Check Pods Manifest.lock */,
				3DC52C2C236A2FAF007F14F8 /* Sources */,
				3DC52C2D236A2FAF007F14F8 /* Frameworks */,
				3DC52C2E236A2FAF007F14F8 /* Resources */,
			);
			buildRules = (
			);
			dependencies = (
				3DC52C32236A2FAF007F14F8 /* PBXTargetDependency */,
			);
			name = KarabanTests;
			productName = KarabanTests;
			productReference = 3DC52C30236A2FAF007F14F8 /* KarabanTests.xctest */;
			productType = "com.apple.product-type.bundle.unit-test";
		};
		3DC52C3A236A2FAF007F14F8 /* KarabanUITests */ = {
			isa = PBXNativeTarget;
			buildConfigurationList = 3DC52C4A236A2FAF007F14F8 /* Build configuration list for PBXNativeTarget "KarabanUITests" */;
			buildPhases = (
				9B7952E2483090141E7B96C5 /* [CP] Check Pods Manifest.lock */,
				3DC52C37236A2FAF007F14F8 /* Sources */,
				3DC52C38236A2FAF007F14F8 /* Frameworks */,
				3DC52C39236A2FAF007F14F8 /* Resources */,
				3CFAE31ED0FE75ABBC2853AD /* [CP] Embed Pods Frameworks */,
			);
			buildRules = (
			);
			dependencies = (
				3DC52C3D236A2FAF007F14F8 /* PBXTargetDependency */,
			);
			name = KarabanUITests;
			productName = KarabanUITests;
			productReference = 3DC52C3B236A2FAF007F14F8 /* KarabanUITests.xctest */;
			productType = "com.apple.product-type.bundle.ui-testing";
		};
/* End PBXNativeTarget section */

/* Begin PBXProject section */
		3DC52C11236A2FAE007F14F8 /* Project object */ = {
			isa = PBXProject;
			attributes = {
				LastSwiftUpdateCheck = 1030;
				LastUpgradeCheck = 1030;
				ORGANIZATIONNAME = Karaban;
				TargetAttributes = {
					3DC52C18236A2FAE007F14F8 = {
						CreatedOnToolsVersion = 10.3;
					};
					3DC52C2F236A2FAF007F14F8 = {
						CreatedOnToolsVersion = 10.3;
						TestTargetID = 3DC52C18236A2FAE007F14F8;
					};
					3DC52C3A236A2FAF007F14F8 = {
						CreatedOnToolsVersion = 10.3;
						TestTargetID = 3DC52C18236A2FAE007F14F8;
					};
				};
			};
			buildConfigurationList = 3DC52C14236A2FAE007F14F8 /* Build configuration list for PBXProject "Karaban" */;
			compatibilityVersion = "Xcode 9.3";
			developmentRegion = en;
			hasScannedForEncodings = 0;
			knownRegions = (
				en,
				Base,
			);
			mainGroup = 3DC52C10236A2FAE007F14F8;
			productRefGroup = 3DC52C1A236A2FAE007F14F8 /* Products */;
			projectDirPath = "";
			projectRoot = "";
			targets = (
				3DC52C18236A2FAE007F14F8 /* Karaban */,
				3DC52C2F236A2FAF007F14F8 /* KarabanTests */,
				3DC52C3A236A2FAF007F14F8 /* KarabanUITests */,
			);
		};
/* End PBXProject section */

/* Begin PBXResourcesBuildPhase section */
		3DC52C17236A2FAE007F14F8 /* Resources */ = {
			isa = PBXResourcesBuildPhase;
			buildActionMask = 2147483647;
			files = (
				3D225C86236B5A7800E34565 /* Cabin-Medium.ttf in Resources */,
				3D225C8C236B5A8300E34565 /* Cabin-Bold.ttf in Resources */,
				3DC52C2A236A2FAF007F14F8 /* LaunchScreen.storyboard in Resources */,
				3D225C82236B5A7200E34565 /* Cabin-Regular.ttf in Resources */,
				3D225C80236B5A6E00E34565 /* Cabin-SemiBold.ttf in Resources */,
				3D225C88236B5A7C00E34565 /* Cabin-Italic.ttf in Resources */,
				3D225C84236B5A7500E34565 /* Cabin-MediumItalic.ttf in Resources */,
				3DC52C50236A3BF5007F14F8 /* GoogleService-Info.plist in Resources */,
				3D225C8E236B5AA300E34565 /* OFL.txt in Resources */,
				3DC52C27236A2FAF007F14F8 /* Assets.xcassets in Resources */,
				3D225C8A236B5A8000E34565 /* Cabin-BoldItalic.ttf in Resources */,
				3DC52C22236A2FAE007F14F8 /* Main.storyboard in Resources */,
				3D225C7E236B5A6800E34565 /* Cabin-SemiBoldItalic.ttf in Resources */,
			);
			runOnlyForDeploymentPostprocessing = 0;
		};
		3DC52C2E236A2FAF007F14F8 /* Resources */ = {
			isa = PBXResourcesBuildPhase;
			buildActionMask = 2147483647;
			files = (
			);
			runOnlyForDeploymentPostprocessing = 0;
		};
		3DC52C39236A2FAF007F14F8 /* Resources */ = {
			isa = PBXResourcesBuildPhase;
			buildActionMask = 2147483647;
			files = (
			);
			runOnlyForDeploymentPostprocessing = 0;
		};
/* End PBXResourcesBuildPhase section */

/* Begin PBXShellScriptBuildPhase section */
		02ED1070A253442DD82C0633 /* [CP] Embed Pods Frameworks */ = {
			isa = PBXShellScriptBuildPhase;
			buildActionMask = 2147483647;
			files = (
			);
			inputFileListPaths = (
				"${PODS_ROOT}/Target Support Files/Pods-Karaban/Pods-Karaban-frameworks-${CONFIGURATION}-input-files.xcfilelist",
			);
			name = "[CP] Embed Pods Frameworks";
			outputFileListPaths = (
				"${PODS_ROOT}/Target Support Files/Pods-Karaban/Pods-Karaban-frameworks-${CONFIGURATION}-output-files.xcfilelist",
			);
			runOnlyForDeploymentPostprocessing = 0;
			shellPath = /bin/sh;
			shellScript = "\"${PODS_ROOT}/Target Support Files/Pods-Karaban/Pods-Karaban-frameworks.sh\"\n";
			showEnvVarsInLog = 0;
		};
		187EFC6847702D440DC52AF3 /* [CP] Check Pods Manifest.lock */ = {
			isa = PBXShellScriptBuildPhase;
			buildActionMask = 2147483647;
			files = (
			);
			inputFileListPaths = (
			);
			inputPaths = (
				"${PODS_PODFILE_DIR_PATH}/Podfile.lock",
				"${PODS_ROOT}/Manifest.lock",
			);
			name = "[CP] Check Pods Manifest.lock";
			outputFileListPaths = (
			);
			outputPaths = (
				"$(DERIVED_FILE_DIR)/Pods-Karaban-checkManifestLockResult.txt",
			);
			runOnlyForDeploymentPostprocessing = 0;
			shellPath = /bin/sh;
			shellScript = "diff \"${PODS_PODFILE_DIR_PATH}/Podfile.lock\" \"${PODS_ROOT}/Manifest.lock\" > /dev/null\nif [ $? != 0 ] ; then\n    # print error to STDERR\n    echo \"error: The sandbox is not in sync with the Podfile.lock. Run 'pod install' or update your CocoaPods installation.\" >&2\n    exit 1\nfi\n# This output is used by Xcode 'outputs' to avoid re-running this script phase.\necho \"SUCCESS\" > \"${SCRIPT_OUTPUT_FILE_0}\"\n";
			showEnvVarsInLog = 0;
		};
		3CFAE31ED0FE75ABBC2853AD /* [CP] Embed Pods Frameworks */ = {
			isa = PBXShellScriptBuildPhase;
			buildActionMask = 2147483647;
			files = (
			);
			inputFileListPaths = (
				"${PODS_ROOT}/Target Support Files/Pods-Karaban-KarabanUITests/Pods-Karaban-KarabanUITests-frameworks-${CONFIGURATION}-input-files.xcfilelist",
			);
			name = "[CP] Embed Pods Frameworks";
			outputFileListPaths = (
				"${PODS_ROOT}/Target Support Files/Pods-Karaban-KarabanUITests/Pods-Karaban-KarabanUITests-frameworks-${CONFIGURATION}-output-files.xcfilelist",
			);
			runOnlyForDeploymentPostprocessing = 0;
			shellPath = /bin/sh;
			shellScript = "\"${PODS_ROOT}/Target Support Files/Pods-Karaban-KarabanUITests/Pods-Karaban-KarabanUITests-frameworks.sh\"\n";
			showEnvVarsInLog = 0;
		};
		9B7952E2483090141E7B96C5 /* [CP] Check Pods Manifest.lock */ = {
			isa = PBXShellScriptBuildPhase;
			buildActionMask = 2147483647;
			files = (
			);
			inputFileListPaths = (
			);
			inputPaths = (
				"${PODS_PODFILE_DIR_PATH}/Podfile.lock",
				"${PODS_ROOT}/Manifest.lock",
			);
			name = "[CP] Check Pods Manifest.lock";
			outputFileListPaths = (
			);
			outputPaths = (
				"$(DERIVED_FILE_DIR)/Pods-Karaban-KarabanUITests-checkManifestLockResult.txt",
			);
			runOnlyForDeploymentPostprocessing = 0;
			shellPath = /bin/sh;
			shellScript = "diff \"${PODS_PODFILE_DIR_PATH}/Podfile.lock\" \"${PODS_ROOT}/Manifest.lock\" > /dev/null\nif [ $? != 0 ] ; then\n    # print error to STDERR\n    echo \"error: The sandbox is not in sync with the Podfile.lock. Run 'pod install' or update your CocoaPods installation.\" >&2\n    exit 1\nfi\n# This output is used by Xcode 'outputs' to avoid re-running this script phase.\necho \"SUCCESS\" > \"${SCRIPT_OUTPUT_FILE_0}\"\n";
			showEnvVarsInLog = 0;
		};
		B7A654959331FE3367C5435D /* [CP] Check Pods Manifest.lock */ = {
			isa = PBXShellScriptBuildPhase;
			buildActionMask = 2147483647;
			files = (
			);
			inputFileListPaths = (
			);
			inputPaths = (
				"${PODS_PODFILE_DIR_PATH}/Podfile.lock",
				"${PODS_ROOT}/Manifest.lock",
			);
			name = "[CP] Check Pods Manifest.lock";
			outputFileListPaths = (
			);
			outputPaths = (
				"$(DERIVED_FILE_DIR)/Pods-KarabanTests-checkManifestLockResult.txt",
			);
			runOnlyForDeploymentPostprocessing = 0;
			shellPath = /bin/sh;
			shellScript = "diff \"${PODS_PODFILE_DIR_PATH}/Podfile.lock\" \"${PODS_ROOT}/Manifest.lock\" > /dev/null\nif [ $? != 0 ] ; then\n    # print error to STDERR\n    echo \"error: The sandbox is not in sync with the Podfile.lock. Run 'pod install' or update your CocoaPods installation.\" >&2\n    exit 1\nfi\n# This output is used by Xcode 'outputs' to avoid re-running this script phase.\necho \"SUCCESS\" > \"${SCRIPT_OUTPUT_FILE_0}\"\n";
			showEnvVarsInLog = 0;
		};
/* End PBXShellScriptBuildPhase section */

/* Begin PBXSourcesBuildPhase section */
		3DC52C15236A2FAE007F14F8 /* Sources */ = {
			isa = PBXSourcesBuildPhase;
			buildActionMask = 2147483647;
			files = (
				3DC52C53236A423E007F14F8 /* SignupViewController.swift in Sources */,
				3DC52C57236A4297007F14F8 /* Colors.swift in Sources */,
				3DC52C1D236A2FAE007F14F8 /* AppDelegate.swift in Sources */,
				3DC52C25236A2FAE007F14F8 /* Karaban.xcdatamodeld in Sources */,
				3DC52C59236B44D1007F14F8 /* Design.swift in Sources */,
			);
			runOnlyForDeploymentPostprocessing = 0;
		};
		3DC52C2C236A2FAF007F14F8 /* Sources */ = {
			isa = PBXSourcesBuildPhase;
			buildActionMask = 2147483647;
			files = (
				3DC52C35236A2FAF007F14F8 /* KarabanTests.swift in Sources */,
			);
			runOnlyForDeploymentPostprocessing = 0;
		};
		3DC52C37236A2FAF007F14F8 /* Sources */ = {
			isa = PBXSourcesBuildPhase;
			buildActionMask = 2147483647;
			files = (
				3DC52C40236A2FAF007F14F8 /* KarabanUITests.swift in Sources */,
			);
			runOnlyForDeploymentPostprocessing = 0;
		};
/* End PBXSourcesBuildPhase section */

/* Begin PBXTargetDependency section */
		3DC52C32236A2FAF007F14F8 /* PBXTargetDependency */ = {
			isa = PBXTargetDependency;
			target = 3DC52C18236A2FAE007F14F8 /* Karaban */;
			targetProxy = 3DC52C31236A2FAF007F14F8 /* PBXContainerItemProxy */;
		};
		3DC52C3D236A2FAF007F14F8 /* PBXTargetDependency */ = {
			isa = PBXTargetDependency;
			target = 3DC52C18236A2FAE007F14F8 /* Karaban */;
			targetProxy = 3DC52C3C236A2FAF007F14F8 /* PBXContainerItemProxy */;
		};
/* End PBXTargetDependency section */

/* Begin PBXVariantGroup section */
		3DC52C20236A2FAE007F14F8 /* Main.storyboard */ = {
			isa = PBXVariantGroup;
			children = (
				3DC52C21236A2FAE007F14F8 /* Base */,
			);
			name = Main.storyboard;
			sourceTree = "<group>";
		};
		3DC52C28236A2FAF007F14F8 /* LaunchScreen.storyboard */ = {
			isa = PBXVariantGroup;
			children = (
				3DC52C29236A2FAF007F14F8 /* Base */,
			);
			name = LaunchScreen.storyboard;
			sourceTree = "<group>";
		};
/* End PBXVariantGroup section */

/* Begin XCBuildConfiguration section */
		3DC52C42236A2FAF007F14F8 /* Debug */ = {
			isa = XCBuildConfiguration;
			buildSettings = {
				ALWAYS_SEARCH_USER_PATHS = NO;
				CLANG_ANALYZER_NONNULL = YES;
				CLANG_ANALYZER_NUMBER_OBJECT_CONVERSION = YES_AGGRESSIVE;
				CLANG_CXX_LANGUAGE_STANDARD = "gnu++14";
				CLANG_CXX_LIBRARY = "libc++";
				CLANG_ENABLE_MODULES = YES;
				CLANG_ENABLE_OBJC_ARC = YES;
				CLANG_ENABLE_OBJC_WEAK = YES;
				CLANG_WARN_BLOCK_CAPTURE_AUTORELEASING = YES;
				CLANG_WARN_BOOL_CONVERSION = YES;
				CLANG_WARN_COMMA = YES;
				CLANG_WARN_CONSTANT_CONVERSION = YES;
				CLANG_WARN_DEPRECATED_OBJC_IMPLEMENTATIONS = YES;
				CLANG_WARN_DIRECT_OBJC_ISA_USAGE = YES_ERROR;
				CLANG_WARN_DOCUMENTATION_COMMENTS = YES;
				CLANG_WARN_EMPTY_BODY = YES;
				CLANG_WARN_ENUM_CONVERSION = YES;
				CLANG_WARN_INFINITE_RECURSION = YES;
				CLANG_WARN_INT_CONVERSION = YES;
				CLANG_WARN_NON_LITERAL_NULL_CONVERSION = YES;
				CLANG_WARN_OBJC_IMPLICIT_RETAIN_SELF = YES;
				CLANG_WARN_OBJC_LITERAL_CONVERSION = YES;
				CLANG_WARN_OBJC_ROOT_CLASS = YES_ERROR;
				CLANG_WARN_RANGE_LOOP_ANALYSIS = YES;
				CLANG_WARN_STRICT_PROTOTYPES = YES;
				CLANG_WARN_SUSPICIOUS_MOVE = YES;
				CLANG_WARN_UNGUARDED_AVAILABILITY = YES_AGGRESSIVE;
				CLANG_WARN_UNREACHABLE_CODE = YES;
				CLANG_WARN__DUPLICATE_METHOD_MATCH = YES;
				CODE_SIGN_IDENTITY = "iPhone Developer";
				COPY_PHASE_STRIP = NO;
				DEBUG_INFORMATION_FORMAT = dwarf;
				ENABLE_STRICT_OBJC_MSGSEND = YES;
				ENABLE_TESTABILITY = YES;
				GCC_C_LANGUAGE_STANDARD = gnu11;
				GCC_DYNAMIC_NO_PIC = NO;
				GCC_NO_COMMON_BLOCKS = YES;
				GCC_OPTIMIZATION_LEVEL = 0;
				GCC_PREPROCESSOR_DEFINITIONS = (
					"DEBUG=1",
					"$(inherited)",
				);
				GCC_WARN_64_TO_32_BIT_CONVERSION = YES;
				GCC_WARN_ABOUT_RETURN_TYPE = YES_ERROR;
				GCC_WARN_UNDECLARED_SELECTOR = YES;
				GCC_WARN_UNINITIALIZED_AUTOS = YES_AGGRESSIVE;
				GCC_WARN_UNUSED_FUNCTION = YES;
				GCC_WARN_UNUSED_VARIABLE = YES;
				IPHONEOS_DEPLOYMENT_TARGET = 12.4;
				MTL_ENABLE_DEBUG_INFO = INCLUDE_SOURCE;
				MTL_FAST_MATH = YES;
				ONLY_ACTIVE_ARCH = YES;
				SDKROOT = iphoneos;
				SWIFT_ACTIVE_COMPILATION_CONDITIONS = DEBUG;
				SWIFT_OPTIMIZATION_LEVEL = "-Onone";
			};
			name = Debug;
		};
		3DC52C43236A2FAF007F14F8 /* Release */ = {
			isa = XCBuildConfiguration;
			buildSettings = {
				ALWAYS_SEARCH_USER_PATHS = NO;
				CLANG_ANALYZER_NONNULL = YES;
				CLANG_ANALYZER_NUMBER_OBJECT_CONVERSION = YES_AGGRESSIVE;
				CLANG_CXX_LANGUAGE_STANDARD = "gnu++14";
				CLANG_CXX_LIBRARY = "libc++";
				CLANG_ENABLE_MODULES = YES;
				CLANG_ENABLE_OBJC_ARC = YES;
				CLANG_ENABLE_OBJC_WEAK = YES;
				CLANG_WARN_BLOCK_CAPTURE_AUTORELEASING = YES;
				CLANG_WARN_BOOL_CONVERSION = YES;
				CLANG_WARN_COMMA = YES;
				CLANG_WARN_CONSTANT_CONVERSION = YES;
				CLANG_WARN_DEPRECATED_OBJC_IMPLEMENTATIONS = YES;
				CLANG_WARN_DIRECT_OBJC_ISA_USAGE = YES_ERROR;
				CLANG_WARN_DOCUMENTATION_COMMENTS = YES;
				CLANG_WARN_EMPTY_BODY = YES;
				CLANG_WARN_ENUM_CONVERSION = YES;
				CLANG_WARN_INFINITE_RECURSION = YES;
				CLANG_WARN_INT_CONVERSION = YES;
				CLANG_WARN_NON_LITERAL_NULL_CONVERSION = YES;
				CLANG_WARN_OBJC_IMPLICIT_RETAIN_SELF = YES;
				CLANG_WARN_OBJC_LITERAL_CONVERSION = YES;
				CLANG_WARN_OBJC_ROOT_CLASS = YES_ERROR;
				CLANG_WARN_RANGE_LOOP_ANALYSIS = YES;
				CLANG_WARN_STRICT_PROTOTYPES = YES;
				CLANG_WARN_SUSPICIOUS_MOVE = YES;
				CLANG_WARN_UNGUARDED_AVAILABILITY = YES_AGGRESSIVE;
				CLANG_WARN_UNREACHABLE_CODE = YES;
				CLANG_WARN__DUPLICATE_METHOD_MATCH = YES;
				CODE_SIGN_IDENTITY = "iPhone Developer";
				COPY_PHASE_STRIP = NO;
				DEBUG_INFORMATION_FORMAT = "dwarf-with-dsym";
				ENABLE_NS_ASSERTIONS = NO;
				ENABLE_STRICT_OBJC_MSGSEND = YES;
				GCC_C_LANGUAGE_STANDARD = gnu11;
				GCC_NO_COMMON_BLOCKS = YES;
				GCC_WARN_64_TO_32_BIT_CONVERSION = YES;
				GCC_WARN_ABOUT_RETURN_TYPE = YES_ERROR;
				GCC_WARN_UNDECLARED_SELECTOR = YES;
				GCC_WARN_UNINITIALIZED_AUTOS = YES_AGGRESSIVE;
				GCC_WARN_UNUSED_FUNCTION = YES;
				GCC_WARN_UNUSED_VARIABLE = YES;
				IPHONEOS_DEPLOYMENT_TARGET = 12.4;
				MTL_ENABLE_DEBUG_INFO = NO;
				MTL_FAST_MATH = YES;
				SDKROOT = iphoneos;
				SWIFT_COMPILATION_MODE = wholemodule;
				SWIFT_OPTIMIZATION_LEVEL = "-O";
				VALIDATE_PRODUCT = YES;
			};
			name = Release;
		};
		3DC52C45236A2FAF007F14F8 /* Debug */ = {
			isa = XCBuildConfiguration;
			baseConfigurationReference = F4DE5EDD28B465FA6CBF39BF /* Pods-Karaban.debug.xcconfig */;
			buildSettings = {
				ASSETCATALOG_COMPILER_APPICON_NAME = AppIcon;
				CODE_SIGN_STYLE = Automatic;
				DEVELOPMENT_TEAM = BWKNAPT58K;
				INFOPLIST_FILE = Karaban/Info.plist;
				LD_RUNPATH_SEARCH_PATHS = (
					"$(inherited)",
					"@executable_path/Frameworks",
				);
				PRODUCT_BUNDLE_IDENTIFIER = Karaban.Karaban;
				PRODUCT_NAME = "$(TARGET_NAME)";
				SWIFT_VERSION = 5.0;
				TARGETED_DEVICE_FAMILY = "1,2";
			};
			name = Debug;
		};
		3DC52C46236A2FAF007F14F8 /* Release */ = {
			isa = XCBuildConfiguration;
			baseConfigurationReference = 008A77699131BAE824604F69 /* Pods-Karaban.release.xcconfig */;
			buildSettings = {
				ASSETCATALOG_COMPILER_APPICON_NAME = AppIcon;
				CODE_SIGN_STYLE = Automatic;
				DEVELOPMENT_TEAM = BWKNAPT58K;
				INFOPLIST_FILE = Karaban/Info.plist;
				LD_RUNPATH_SEARCH_PATHS = (
					"$(inherited)",
					"@executable_path/Frameworks",
				);
				PRODUCT_BUNDLE_IDENTIFIER = Karaban.Karaban;
				PRODUCT_NAME = "$(TARGET_NAME)";
				SWIFT_VERSION = 5.0;
				TARGETED_DEVICE_FAMILY = "1,2";
			};
			name = Release;
		};
		3DC52C48236A2FAF007F14F8 /* Debug */ = {
			isa = XCBuildConfiguration;
			baseConfigurationReference = 6F6483CC12979C98E5ADEDC5 /* Pods-KarabanTests.debug.xcconfig */;
			buildSettings = {
				ALWAYS_EMBED_SWIFT_STANDARD_LIBRARIES = YES;
				BUNDLE_LOADER = "$(TEST_HOST)";
				CODE_SIGN_STYLE = Automatic;
				DEVELOPMENT_TEAM = BWKNAPT58K;
				INFOPLIST_FILE = KarabanTests/Info.plist;
				LD_RUNPATH_SEARCH_PATHS = (
					"$(inherited)",
					"@executable_path/Frameworks",
					"@loader_path/Frameworks",
				);
				PRODUCT_BUNDLE_IDENTIFIER = Karaban.KarabanTests;
				PRODUCT_NAME = "$(TARGET_NAME)";
				SWIFT_VERSION = 5.0;
				TARGETED_DEVICE_FAMILY = "1,2";
				TEST_HOST = "$(BUILT_PRODUCTS_DIR)/Karaban.app/Karaban";
			};
			name = Debug;
		};
		3DC52C49236A2FAF007F14F8 /* Release */ = {
			isa = XCBuildConfiguration;
			baseConfigurationReference = E08AC1E94D9F80954C990139 /* Pods-KarabanTests.release.xcconfig */;
			buildSettings = {
				ALWAYS_EMBED_SWIFT_STANDARD_LIBRARIES = YES;
				BUNDLE_LOADER = "$(TEST_HOST)";
				CODE_SIGN_STYLE = Automatic;
				DEVELOPMENT_TEAM = BWKNAPT58K;
				INFOPLIST_FILE = KarabanTests/Info.plist;
				LD_RUNPATH_SEARCH_PATHS = (
					"$(inherited)",
					"@executable_path/Frameworks",
					"@loader_path/Frameworks",
				);
				PRODUCT_BUNDLE_IDENTIFIER = Karaban.KarabanTests;
				PRODUCT_NAME = "$(TARGET_NAME)";
				SWIFT_VERSION = 5.0;
				TARGETED_DEVICE_FAMILY = "1,2";
				TEST_HOST = "$(BUILT_PRODUCTS_DIR)/Karaban.app/Karaban";
			};
			name = Release;
		};
		3DC52C4B236A2FAF007F14F8 /* Debug */ = {
			isa = XCBuildConfiguration;
			baseConfigurationReference = FA34BAFE32C10339F9A9EAAA /* Pods-Karaban-KarabanUITests.debug.xcconfig */;
			buildSettings = {
				ALWAYS_EMBED_SWIFT_STANDARD_LIBRARIES = YES;
				CODE_SIGN_STYLE = Automatic;
				DEVELOPMENT_TEAM = BWKNAPT58K;
				INFOPLIST_FILE = KarabanUITests/Info.plist;
				LD_RUNPATH_SEARCH_PATHS = (
					"$(inherited)",
					"@executable_path/Frameworks",
					"@loader_path/Frameworks",
				);
				PRODUCT_BUNDLE_IDENTIFIER = Karaban.KarabanUITests;
				PRODUCT_NAME = "$(TARGET_NAME)";
				SWIFT_VERSION = 5.0;
				TARGETED_DEVICE_FAMILY = "1,2";
				TEST_TARGET_NAME = Karaban;
			};
			name = Debug;
		};
		3DC52C4C236A2FAF007F14F8 /* Release */ = {
			isa = XCBuildConfiguration;
			baseConfigurationReference = 21FF015A8FA9F028D1B0A3BB /* Pods-Karaban-KarabanUITests.release.xcconfig */;
			buildSettings = {
				ALWAYS_EMBED_SWIFT_STANDARD_LIBRARIES = YES;
				CODE_SIGN_STYLE = Automatic;
				DEVELOPMENT_TEAM = BWKNAPT58K;
				INFOPLIST_FILE = KarabanUITests/Info.plist;
				LD_RUNPATH_SEARCH_PATHS = (
					"$(inherited)",
					"@executable_path/Frameworks",
					"@loader_path/Frameworks",
				);
				PRODUCT_BUNDLE_IDENTIFIER = Karaban.KarabanUITests;
				PRODUCT_NAME = "$(TARGET_NAME)";
				SWIFT_VERSION = 5.0;
				TARGETED_DEVICE_FAMILY = "1,2";
				TEST_TARGET_NAME = Karaban;
			};
			name = Release;
		};
/* End XCBuildConfiguration section */

/* Begin XCConfigurationList section */
		3DC52C14236A2FAE007F14F8 /* Build configuration list for PBXProject "Karaban" */ = {
			isa = XCConfigurationList;
			buildConfigurations = (
				3DC52C42236A2FAF007F14F8 /* Debug */,
				3DC52C43236A2FAF007F14F8 /* Release */,
			);
			defaultConfigurationIsVisible = 0;
			defaultConfigurationName = Release;
		};
		3DC52C44236A2FAF007F14F8 /* Build configuration list for PBXNativeTarget "Karaban" */ = {
			isa = XCConfigurationList;
			buildConfigurations = (
				3DC52C45236A2FAF007F14F8 /* Debug */,
				3DC52C46236A2FAF007F14F8 /* Release */,
			);
			defaultConfigurationIsVisible = 0;
			defaultConfigurationName = Release;
		};
		3DC52C47236A2FAF007F14F8 /* Build configuration list for PBXNativeTarget "KarabanTests" */ = {
			isa = XCConfigurationList;
			buildConfigurations = (
				3DC52C48236A2FAF007F14F8 /* Debug */,
				3DC52C49236A2FAF007F14F8 /* Release */,
			);
			defaultConfigurationIsVisible = 0;
			defaultConfigurationName = Release;
		};
		3DC52C4A236A2FAF007F14F8 /* Build configuration list for PBXNativeTarget "KarabanUITests" */ = {
			isa = XCConfigurationList;
			buildConfigurations = (
				3DC52C4B236A2FAF007F14F8 /* Debug */,
				3DC52C4C236A2FAF007F14F8 /* Release */,
			);
			defaultConfigurationIsVisible = 0;
			defaultConfigurationName = Release;
		};
/* End XCConfigurationList section */

/* Begin XCVersionGroup section */
		3DC52C23236A2FAE007F14F8 /* Karaban.xcdatamodeld */ = {
			isa = XCVersionGroup;
			children = (
				3DC52C24236A2FAE007F14F8 /* Karaban.xcdatamodel */,
			);
			currentVersion = 3DC52C24236A2FAE007F14F8 /* Karaban.xcdatamodel */;
			path = Karaban.xcdatamodeld;
			sourceTree = "<group>";
			versionGroupType = wrapper.xcdatamodel;
		};
/* End XCVersionGroup section */
	};
	rootObject = 3DC52C11236A2FAE007F14F8 /* Project object */;
}
